
Microsoft Visual Studio Solution File, Format Version 12.00
# Visual Studio Version 16
VisualStudioVersion = 16.0.30406.217
MinimumVisualStudioVersion = 10.0.40219.1
Project("{FAE04EC0-301F-11D3-BF4B-00C04F79EFBC}") = "3Commas.BulkEditor", "3Commas.BulkEditor\3Commas.BulkEditor.csproj", "{02D16940-5926-45EA-A706-21B8D3E1F643}"
EndProject
Global
	GlobalSection(SolutionConfigurationPlatforms) = preSolution
		Debug|Any CPU = Debug|Any CPU
		Release|Any CPU = Release|Any CPU
	EndGlobalSection
	GlobalSection(ProjectConfigurationPlatforms) = postSolution
		{02D16940-5926-45EA-A706-21B8D3E1F643}.Debug|Any CPU.ActiveCfg = Debug|Any CPU
		{02D16940-5926-45EA-A706-21B8D3E1F643}.Debug|Any CPU.Build.0 = Debug|Any CPU
		{02D16940-5926-45EA-A706-21B8D3E1F643}.Release|Any CPU.ActiveCfg = Release|Any CPU
		{02D16940-5926-45EA-A706-21B8D3E1F643}.Release|Any CPU.Build.0 = Release|Any CPU
		{AA38FEBA-8B7D-4E96-934D-B4022E69027F}.Debug|Any CPU.ActiveCfg = Debug|Any CPU
		{AA38FEBA-8B7D-4E96-934D-B4022E69027F}.Debug|Any CPU.Build.0 = Debug|Any CPU
		{AA38FEBA-8B7D-4E96-934D-B4022E69027F}.Release|Any CPU.ActiveCfg = Release|Any CPU
		{AA38FEBA-8B7D-4E96-934D-B4022E69027F}.Release|Any CPU.Build.0 = Release|Any CPU
		{FDC52F9F-D126-4902-B3F5-B1A4F84A18E4}.Debug|Any CPU.ActiveCfg = Debug|Any CPU
		{FDC52F9F-D126-4902-B3F5-B1A4F84A18E4}.Debug|Any CPU.Build.0 = Debug|Any CPU
		{FDC52F9F-D126-4902-B3F5-B1A4F84A18E4}.Release|Any CPU.ActiveCfg = Release|Any CPU
		{FDC52F9F-D126-4902-B3F5-B1A4F84A18E4}.Release|Any CPU.Build.0 = Release|Any CPU
	EndGlobalSection
	GlobalSection(SolutionProperties) = preSolution
		HideSolutionNode = FALSE
	EndGlobalSection
	GlobalSection(ExtensibilityGlobals) = postSolution
		SolutionGuid = {62584358-3810-4548-BCD9-DC2AB25F5DDC}
	EndGlobalSection
EndGlobal
